github.com/antlabs/wsutil v0.1.11 h1:bIVZ3Hxdq5ByZKu5OXL/cMtanEw6YlxdtUDiySI77Q0=
github.com/antlabs/wsutil v0.1.11/go.mod h1:Pk7xYOw3o5iEB6ukiOu+2uJMLYeMVVjJLazFD3okI2A=
github.com/klauspost/compress v1.17.8 h1:YcnTYrq7MikUT7k0Yb5eceMmALQPYBW/Xltxn0NAMnU=
github.com/klauspost/compress v1.17.8/go.mod h1:Di0epgTjJY877eYKx5yC51cX2A2Vl2ibi7bDH9ttBbw=
golang.org/x/net v0.23.0 h1:7EYJ93RZ9vYSZAIb2x3lnuvqO5zneoD6IvWjuhfxjTs=
golang.org/x/net v0.23.0/go.mod h1:JKghWKKOSdJwpW2GEx0Ja7fmaKnMsbu+MWVZTokSYmg=
