github.com/antlabs/wsutil v0.1.6 h1:K7wR+EvqQT1Nn7jAKs3dKsGtUykPD2OYlCicv4/tUf8=
github.com/antlabs/wsutil v0.1.6/go.mod h1:7ec5eUM7nmKW+Oi6F1I58iatOeL9k+yIsfOh1zh910g=
golang.org/x/net v0.23.0 h1:7EYJ93RZ9vYSZAIb2x3lnuvqO5zneoD6IvWjuhfxjTs=
golang.org/x/net v0.23.0/go.mod h1:JKghWKKOSdJwpW2GEx0Ja7fmaKnMsbu+MWVZTokSYmg=
